// !$*UTF8*$!
{
	archiveVersion = 1;
	classes = {
	};
	objectVersion = 51;
	objects = {

/* Begin PBXBuildFile section */
		15A60BD3660A47C4EE664938 /* Pods_ProjectProtocolZero.framework in Frameworks */ = {isa = PBXBuildFile; fileRef = 36184A0433368E1043AD5087 /* Pods_ProjectProtocolZero.framework */; };
		77B03A9429D3B55700AD7BAC /* Pizza.swift in Sources */ = {isa = PBXBuildFile; fileRef = 77B03A9329D3B55600AD7BAC /* Pizza.swift */; };
		77C8E51829D3B3BE00AE36B5 /* AppDelegate.swift in Sources */ = {isa = PBXBuildFile; fileRef = 77C8E51729D3B3BE00AE36B5 /* AppDelegate.swift */; };
		77C8E51A29D3B3BE00AE36B5 /* SceneDelegate.swift in Sources */ = {isa = PBXBuildFile; fileRef = 77C8E51929D3B3BE00AE36B5 /* SceneDelegate.swift */; };
		77C8E51C29D3B3BE00AE36B5 /* ViewController.swift in Sources */ = {isa = PBXBuildFile; fileRef = 77C8E51B29D3B3BE00AE36B5 /* ViewController.swift */; };
		77C8E51F29D3B3BE00AE36B5 /* Main.storyboard in Resources */ = {isa = PBXBuildFile; fileRef = 77C8E51D29D3B3BE00AE36B5 /* Main.storyboard */; };
		77C8E52129D3B3C100AE36B5 /* Assets.xcassets in Resources */ = {isa = PBXBuildFile; fileRef = 77C8E52029D3B3C100AE36B5 /* Assets.xcassets */; };
		77C8E52429D3B3C100AE36B5 /* LaunchScreen.storyboard in Resources */ = {isa = PBXBuildFile; fileRef = 77C8E52229D3B3C100AE36B5 /* LaunchScreen.storyboard */; };
/* End PBXBuildFile section */

/* Begin PBXFileReference section */
		36184A0433368E1043AD5087 /* Pods_ProjectProtocolZero.framework */ = {isa = PBXFileReference; explicitFileType = wrapper.framework; includeInIndex = 0; path = Pods_ProjectProtocolZero.framework; sourceTree = BUILT_PRODUCTS_DIR; };
		77B03A9329D3B55600AD7BAC /* Pizza.swift */ = {isa = PBXFileReference; lastKnownFileType = sourcecode.swift; path = Pizza.swift; sourceTree = "<group>"; };
		77C8E51429D3B3BE00AE36B5 /* ProjectProtocolZero.app */ = {isa = PBXFileReference; explicitFileType = wrapper.application; includeInIndex = 0; path = ProjectProtocolZero.app; sourceTree = BUILT_PRODUCTS_DIR; };
		77C8E51729D3B3BE00AE36B5 /* AppDelegate.swift */ = {isa = PBXFileReference; lastKnownFileType = sourcecode.swift; path = AppDelegate.swift; sourceTree = "<group>"; };
		77C8E51929D3B3BE00AE36B5 /* SceneDelegate.swift */ = {isa = PBXFileReference; lastKnownFileType = sourcecode.swift; path = SceneDelegate.swift; sourceTree = "<group>"; };
		77C8E51B29D3B3BE00AE36B5 /* ViewController.swift */ = {isa = PBXFileReference; lastKnownFileType = sourcecode.swift; path = ViewController.swift; sourceTree = "<group>"; };
		77C8E51E29D3B3BE00AE36B5 /* Base */ = {isa = PBXFileReference; lastKnownFileType = file.storyboard; name = Base; path = Base.lproj/Main.storyboard; sourceTree = "<group>"; };
		77C8E52029D3B3C100AE36B5 /* Assets.xcassets */ = {isa = PBXFileReference; lastKnownFileType = folder.assetcatalog; path = Assets.xcassets; sourceTree = "<group>"; };
		77C8E52329D3B3C100AE36B5 /* Base */ = {isa = PBXFileReference; lastKnownFileType = file.storyboard; name = Base; path = Base.lproj/LaunchScreen.storyboard; sourceTree = "<group>"; };
		77C8E52529D3B3C100AE36B5 /* Info.plist */ = {isa = PBXFileReference; lastKnownFileType = text.plist.xml; path = Info.plist; sourceTree = "<group>"; };
		856CAB9731CBFE9A60A27A1D /* Pods-ProjectProtocolZero.debug.xcconfig */ = {isa = PBXFileReference; includeInIndex = 1; lastKnownFileType = text.xcconfig; name = "Pods-ProjectProtocolZero.debug.xcconfig"; path = "Target Support Files/Pods-ProjectProtocolZero/Pods-ProjectProtocolZero.debug.xcconfig"; sourceTree = "<group>"; };
		B5A2C08E9CC9BC4B05FB1BCF /* Pods-ProjectProtocolZero.release.xcconfig */ = {isa = PBXFileReference; includeInIndex = 1; lastKnownFileType = text.xcconfig; name = "Pods-ProjectProtocolZero.release.xcconfig"; path = "Target Support Files/Pods-ProjectProtocolZero/Pods-ProjectProtocolZero.release.xcconfig"; sourceTree = "<group>"; };
/* End PBXFileReference section */

/* Begin PBXFrameworksBuildPhase section */
		77C8E51129D3B3BE00AE36B5 /* Frameworks */ = {
			isa = PBXFrameworksBuildPhase;
			buildActionMask = 2147483647;
			files = (
				15A60BD3660A47C4EE664938 /* Pods_ProjectProtocolZero.framework in Frameworks */,
			);
			runOnlyForDeploymentPostprocessing = 0;
		};
/* End PBXFrameworksBuildPhase section */

/* Begin PBXGroup section */
		08873B8DB281967D74AEB17D /* Frameworks */ = {
			isa = PBXGroup;
			children = (
				36184A0433368E1043AD5087 /* Pods_ProjectProtocolZero.framework */,
			);
			name = Frameworks;
			sourceTree = "<group>";
		};
		77C8E50B29D3B3BE00AE36B5 = {
			isa = PBXGroup;
			children = (
				77C8E51629D3B3BE00AE36B5 /* ProjectProtocolZero */,
				77C8E51529D3B3BE00AE36B5 /* Products */,
				F83C1FBC171D95CE30533A43 /* Pods */,
				08873B8DB281967D74AEB17D /* Frameworks */,
			);
			sourceTree = "<group>";
		};
		77C8E51529D3B3BE00AE36B5 /* Products */ = {
			isa = PBXGroup;
			children = (
				77C8E51429D3B3BE00AE36B5 /* ProjectProtocolZero.app */,
			);
			name = Products;
			sourceTree = "<group>";
		};
		77C8E51629D3B3BE00AE36B5 /* ProjectProtocolZero */ = {
			isa = PBXGroup;
			children = (
				77C8E51729D3B3BE00AE36B5 /* AppDelegate.swift */,
				77C8E51929D3B3BE00AE36B5 /* SceneDelegate.swift */,
				77B03A9329D3B55600AD7BAC /* Pizza.swift */,
				77C8E51B29D3B3BE00AE36B5 /* ViewController.swift */,
				77C8E51D29D3B3BE00AE36B5 /* Main.storyboard */,
				77C8E52029D3B3C100AE36B5 /* Assets.xcassets */,
				77C8E52229D3B3C100AE36B5 /* LaunchScreen.storyboard */,
				77C8E52529D3B3C100AE36B5 /* Info.plist */,
			);
			path = ProjectProtocolZero;
			sourceTree = "<group>";
		};
		F83C1FBC171D95CE30533A43 /* Pods */ = {
			isa = PBXGroup;
			children = (
				856CAB9731CBFE9A60A27A1D /* Pods-ProjectProtocolZero.debug.xcconfig */,
				B5A2C08E9CC9BC4B05FB1BCF /* Pods-ProjectProtocolZero.release.xcconfig */,
			);
			path = Pods;
			sourceTree = "<group>";
		};
/* End PBXGroup section */

/* Begin PBXNativeTarget section */
		77C8E51329D3B3BE00AE36B5 /* ProjectProtocolZero */ = {
			isa = PBXNativeTarget;
			buildConfigurationList = 77C8E52829D3B3C100AE36B5 /* Build configuration list for PBXNativeTarget "ProjectProtocolZero" */;
			buildPhases = (
				1898A601205884F39008AC9A /* [CP] Check Pods Manifest.lock */,
				77C8E51029D3B3BE00AE36B5 /* Sources */,
				77C8E51129D3B3BE00AE36B5 /* Frameworks */,
				77C8E51229D3B3BE00AE36B5 /* Resources */,
				C7AE71003A9BFEAB700ABFF3 /* [CP] Embed Pods Frameworks */,
			);
			buildRules = (
			);
			dependencies = (
			);
			name = ProjectProtocolZero;
			productName = ProjectProtocolZero;
			productReference = 77C8E51429D3B3BE00AE36B5 /* ProjectProtocolZero.app */;
			productType = "com.apple.product-type.application";
		};
/* End PBXNativeTarget section */

/* Begin PBXProject section */
		77C8E50C29D3B3BE00AE36B5 /* Project object */ = {
			isa = PBXProject;
			attributes = {
				LastSwiftUpdateCheck = 1250;
				LastUpgradeCheck = 1250;
				TargetAttributes = {
					77C8E51329D3B3BE00AE36B5 = {
						CreatedOnToolsVersion = 12.5.1;
					};
				};
			};
			buildConfigurationList = 77C8E50F29D3B3BE00AE36B5 /* Build configuration list for PBXProject "ProjectProtocolZero" */;
			compatibilityVersion = "Xcode 9.3";
			developmentRegion = en;
			hasScannedForEncodings = 0;
			knownRegions = (
				en,
				Base,
			);
			mainGroup = 77C8E50B29D3B3BE00AE36B5;
			productRefGroup = 77C8E51529D3B3BE00AE36B5 /* Products */;
			projectDirPath = "";
			projectRoot = "";
			targets = (
				77C8E51329D3B3BE00AE36B5 /* ProjectProtocolZero */,
			);
		};
/* End PBXProject section */

/* Begin PBXResourcesBuildPhase section */
		77C8E51229D3B3BE00AE36B5 /* Resources */ = {
			isa = PBXResourcesBuildPhase;
			buildActionMask = 2147483647;
			files = (
				77C8E52429D3B3C100AE36B5 /* LaunchScreen.storyboard in Resources */,
				77C8E52129D3B3C100AE36B5 /* Assets.xcassets in Resources */,
				77C8E51F29D3B3BE00AE36B5 /* Main.storyboard in Resources */,
			);
			runOnlyForDeploymentPostprocessing = 0;
		};
/* End PBXResourcesBuildPhase section */

/* Begin PBXShellScriptBuildPhase section */
		1898A601205884F39008AC9A /* [CP] Check Pods Manifest.lock */ = {
			isa = PBXShellScriptBuildPhase;
			buildActionMask = 2147483647;
			files = (
			);
			inputFileListPaths = (
			);
			inputPaths = (
				"${PODS_PODFILE_DIR_PATH}/Podfile.lock",
				"${PODS_ROOT}/Manifest.lock",
			);
			name = "[CP] Check Pods Manifest.lock";
			outputFileListPaths = (
			);
			outputPaths = (
				"$(DERIVED_FILE_DIR)/Pods-ProjectProtocolZero-checkManifestLockResult.txt",
			);
			runOnlyForDeploymentPostprocessing = 0;
			shellPath = /bin/sh;
			shellScript = "diff \"${PODS_PODFILE_DIR_PATH}/Podfile.lock\" \"${PODS_ROOT}/Manifest.lock\" > /dev/null\nif [ $? != 0 ] ; then\n    # print error to STDERR\n    echo \"error: The sandbox is not in sync with the Podfile.lock. Run 'pod install' or update your CocoaPods installation.\" >&2\n    exit 1\nfi\n# This output is used by Xcode 'outputs' to avoid re-running this script phase.\necho \"SUCCESS\" > \"${SCRIPT_OUTPUT_FILE_0}\"\n";
			showEnvVarsInLog = 0;
		};
		C7AE71003A9BFEAB700ABFF3 /* [CP] Embed Pods Frameworks */ = {
			isa = PBXShellScriptBuildPhase;
			buildActionMask = 2147483647;
			files = (
			);
			inputFileListPaths = (
				"${PODS_ROOT}/Target Support Files/Pods-ProjectProtocolZero/Pods-ProjectProtocolZero-frameworks-${CONFIGURATION}-input-files.xcfilelist",
			);
			name = "[CP] Embed Pods Frameworks";
			outputFileListPaths = (
				"${PODS_ROOT}/Target Support Files/Pods-ProjectProtocolZero/Pods-ProjectProtocolZero-frameworks-${CONFIGURATION}-output-files.xcfilelist",
			);
			runOnlyForDeploymentPostprocessing = 0;
			shellPath = /bin/sh;
			shellScript = "\"${PODS_ROOT}/Target Support Files/Pods-ProjectProtocolZero/Pods-ProjectProtocolZero-frameworks.sh\"\n";
			showEnvVarsInLog = 0;
		};
/* End PBXShellScriptBuildPhase section */

/* Begin PBXSourcesBuildPhase section */
		77C8E51029D3B3BE00AE36B5 /* Sources */ = {
			isa = PBXSourcesBuildPhase;
			buildActionMask = 2147483647;
			files = (
				77B03A9429D3B55700AD7BAC /* Pizza.swift in Sources */,
				77C8E51C29D3B3BE00AE36B5 /* ViewController.swift in Sources */,
				77C8E51829D3B3BE00AE36B5 /* AppDelegate.swift in Sources */,
				77C8E51A29D3B3BE00AE36B5 /* SceneDelegate.swift in Sources */,
			);
			runOnlyForDeploymentPostprocessing = 0;
		};
/* End PBXSourcesBuildPhase section */

/* Begin PBXVariantGroup section */
		77C8E51D29D3B3BE00AE36B5 /* Main.storyboard */ = {
			isa = PBXVariantGroup;
			children = (
				77C8E51E29D3B3BE00AE36B5 /* Base */,
			);
			name = Main.storyboard;
			sourceTree = "<group>";
		};
		77C8E52229D3B3C100AE36B5 /* LaunchScreen.storyboard */ = {
			isa = PBXVariantGroup;
			children = (
				77C8E52329D3B3C100AE36B5 /* Base */,
			);
			name = LaunchScreen.storyboard;
			sourceTree = "<group>";
		};
/* End PBXVariantGroup section */

/* Begin XCBuildConfiguration section */
		77C8E52629D3B3C100AE36B5 /* Debug */ = {
			isa = XCBuildConfiguration;
			buildSettings = {
				ALWAYS_SEARCH_USER_PATHS = NO;
				CLANG_ANALYZER_NONNULL = YES;
				CLANG_ANALYZER_NUMBER_OBJECT_CONVERSION = YES_AGGRESSIVE;
				CLANG_CXX_LANGUAGE_STANDARD = "gnu++14";
				CLANG_CXX_LIBRARY = "libc++";
				CLANG_ENABLE_MODULES = YES;
				CLANG_ENABLE_OBJC_ARC = YES;
				CLANG_ENABLE_OBJC_WEAK = YES;
				CLANG_WARN_BLOCK_CAPTURE_AUTORELEASING = YES;
				CLANG_WARN_BOOL_CONVERSION = YES;
				CLANG_WARN_COMMA = YES;
				CLANG_WARN_CONSTANT_CONVERSION = YES;
				CLANG_WARN_DEPRECATED_OBJC_IMPLEMENTATIONS = YES;
				CLANG_WARN_DIRECT_OBJC_ISA_USAGE = YES_ERROR;
				CLANG_WARN_DOCUMENTATION_COMMENTS = YES;
				CLANG_WARN_EMPTY_BODY = YES;
				CLANG_WARN_ENUM_CONVERSION = YES;
				CLANG_WARN_INFINITE_RECURSION = YES;
				CLANG_WARN_INT_CONVERSION = YES;
				CLANG_WARN_NON_LITERAL_NULL_CONVERSION = YES;
				CLANG_WARN_OBJC_IMPLICIT_RETAIN_SELF = YES;
				CLANG_WARN_OBJC_LITERAL_CONVERSION = YES;
				CLANG_WARN_OBJC_ROOT_CLASS = YES_ERROR;
				CLANG_WARN_QUOTED_INCLUDE_IN_FRAMEWORK_HEADER = YES;
				CLANG_WARN_RANGE_LOOP_ANALYSIS = YES;
				CLANG_WARN_STRICT_PROTOTYPES = YES;
				CLANG_WARN_SUSPICIOUS_MOVE = YES;
				CLANG_WARN_UNGUARDED_AVAILABILITY = YES_AGGRESSIVE;
				CLANG_WARN_UNREACHABLE_CODE = YES;
				CLANG_WARN__DUPLICATE_METHOD_MATCH = YES;
				COPY_PHASE_STRIP = NO;
				DEBUG_INFORMATION_FORMAT = dwarf;
				ENABLE_STRICT_OBJC_MSGSEND = YES;
				ENABLE_TESTABILITY = YES;
				GCC_C_LANGUAGE_STANDARD = gnu11;
				GCC_DYNAMIC_NO_PIC = NO;
				GCC_NO_COMMON_BLOCKS = YES;
				GCC_OPTIMIZATION_LEVEL = 0;
				GCC_PREPROCESSOR_DEFINITIONS = (
					"DEBUG=1",
					"$(inherited)",
				);
				GCC_WARN_64_TO_32_BIT_CONVERSION = YES;
				GCC_WARN_ABOUT_RETURN_TYPE = YES_ERROR;
				GCC_WARN_UNDECLARED_SELECTOR = YES;
				GCC_WARN_UNINITIALIZED_AUTOS = YES_AGGRESSIVE;
				GCC_WARN_UNUSED_FUNCTION = YES;
				GCC_WARN_UNUSED_VARIABLE = YES;
				IPHONEOS_DEPLOYMENT_TARGET = 14.5;
				MTL_ENABLE_DEBUG_INFO = INCLUDE_SOURCE;
				MTL_FAST_MATH = YES;
				ONLY_ACTIVE_ARCH = YES;
				SDKROOT = iphoneos;
				SWIFT_ACTIVE_COMPILATION_CONDITIONS = DEBUG;
				SWIFT_OPTIMIZATION_LEVEL = "-Onone";
			};
			name = Debug;
		};
		77C8E52729D3B3C100AE36B5 /* Release */ = {
			isa = XCBuildConfiguration;
			buildSettings = {
				ALWAYS_SEARCH_USER_PATHS = NO;
				CLANG_ANALYZER_NONNULL = YES;
				CLANG_ANALYZER_NUMBER_OBJECT_CONVERSION = YES_AGGRESSIVE;
				CLANG_CXX_LANGUAGE_STANDARD = "gnu++14";
				CLANG_CXX_LIBRARY = "libc++";
				CLANG_ENABLE_MODULES = YES;
				CLANG_ENABLE_OBJC_ARC = YES;
				CLANG_ENABLE_OBJC_WEAK = YES;
				CLANG_WARN_BLOCK_CAPTURE_AUTORELEASING = YES;
				CLANG_WARN_BOOL_CONVERSION = YES;
				CLANG_WARN_COMMA = YES;
				CLANG_WARN_CONSTANT_CONVERSION = YES;
				CLANG_WARN_DEPRECATED_OBJC_IMPLEMENTATIONS = YES;
				CLANG_WARN_DIRECT_OBJC_ISA_USAGE = YES_ERROR;
				CLANG_WARN_DOCUMENTATION_COMMENTS = YES;
				CLANG_WARN_EMPTY_BODY = YES;
				CLANG_WARN_ENUM_CONVERSION = YES;
				CLANG_WARN_INFINITE_RECURSION = YES;
				CLANG_WARN_INT_CONVERSION = YES;
				CLANG_WARN_NON_LITERAL_NULL_CONVERSION = YES;
				CLANG_WARN_OBJC_IMPLICIT_RETAIN_SELF = YES;
				CLANG_WARN_OBJC_LITERAL_CONVERSION = YES;
				CLANG_WARN_OBJC_ROOT_CLASS = YES_ERROR;
				CLANG_WARN_QUOTED_INCLUDE_IN_FRAMEWORK_HEADER = YES;
				CLANG_WARN_RANGE_LOOP_ANALYSIS = YES;
				CLANG_WARN_STRICT_PROTOTYPES = YES;
				CLANG_WARN_SUSPICIOUS_MOVE = YES;
				CLANG_WARN_UNGUARDED_AVAILABILITY = YES_AGGRESSIVE;
				CLANG_WARN_UNREACHABLE_CODE = YES;
				CLANG_WARN__DUPLICATE_METHOD_MATCH = YES;
				COPY_PHASE_STRIP = NO;
				DEBUG_INFORMATION_FORMAT = "dwarf-with-dsym";
				ENABLE_NS_ASSERTIONS = NO;
				ENABLE_STRICT_OBJC_MSGSEND = YES;
				GCC_C_LANGUAGE_STANDARD = gnu11;
				GCC_NO_COMMON_BLOCKS = YES;
				GCC_WARN_64_TO_32_BIT_CONVERSION = YES;
				GCC_WARN_ABOUT_RETURN_TYPE = YES_ERROR;
				GCC_WARN_UNDECLARED_SELECTOR = YES;
				GCC_WARN_UNINITIALIZED_AUTOS = YES_AGGRESSIVE;
				GCC_WARN_UNUSED_FUNCTION = YES;
				GCC_WARN_UNUSED_VARIABLE = YES;
				IPHONEOS_DEPLOYMENT_TARGET = 14.5;
				MTL_ENABLE_DEBUG_INFO = NO;
				MTL_FAST_MATH = YES;
				SDKROOT = iphoneos;
				SWIFT_COMPILATION_MODE = wholemodule;
				SWIFT_OPTIMIZATION_LEVEL = "-O";
				VALIDATE_PRODUCT = YES;
			};
			name = Release;
		};
		77C8E52929D3B3C100AE36B5 /* Debug */ = {
			isa = XCBuildConfiguration;
			baseConfigurationReference = 856CAB9731CBFE9A60A27A1D /* Pods-ProjectProtocolZero.debug.xcconfig */;
			buildSettings = {
				ASSETCATALOG_COMPILER_APPICON_NAME = AppIcon;
				ASSETCATALOG_COMPILER_GLOBAL_ACCENT_COLOR_NAME = AccentColor;
				CODE_SIGN_STYLE = Automatic;
				INFOPLIST_FILE = ProjectProtocolZero/Info.plist;
				LD_RUNPATH_SEARCH_PATHS = (
					"$(inherited)",
					"@executable_path/Frameworks",
				);
				PRODUCT_BUNDLE_IDENTIFIER = Aninha.ProjectProtocolZero;
				PRODUCT_NAME = "$(TARGET_NAME)";
				SWIFT_VERSION = 5.0;
				TARGETED_DEVICE_FAMILY = "1,2";
			};
			name = Debug;
		};
		77C8E52A29D3B3C100AE36B5 /* Release */ = {
			isa = XCBuildConfiguration;
			baseConfigurationReference = B5A2C08E9CC9BC4B05FB1BCF /* Pods-ProjectProtocolZero.release.xcconfig */;
			buildSettings = {
				ASSETCATALOG_COMPILER_APPICON_NAME = AppIcon;
				ASSETCATALOG_COMPILER_GLOBAL_ACCENT_COLOR_NAME = AccentColor;
				CODE_SIGN_STYLE = Automatic;
				INFOPLIST_FILE = ProjectProtocolZero/Info.plist;
				LD_RUNPATH_SEARCH_PATHS = (
					"$(inherited)",
					"@executable_path/Frameworks",
				);
				PRODUCT_BUNDLE_IDENTIFIER = Aninha.ProjectProtocolZero;
				PRODUCT_NAME = "$(TARGET_NAME)";
				SWIFT_VERSION = 5.0;
				TARGETED_DEVICE_FAMILY = "1,2";
			};
			name = Release;
		};
/* End XCBuildConfiguration section */

/* Begin XCConfigurationList section */
		77C8E50F29D3B3BE00AE36B5 /* Build configuration list for PBXProject "ProjectProtocolZero" */ = {
			isa = XCConfigurationList;
			buildConfigurations = (
				77C8E52629D3B3C100AE36B5 /* Debug */,
				77C8E52729D3B3C100AE36B5 /* Release */,
			);
			defaultConfigurationIsVisible = 0;
			defaultConfigurationName = Release;
		};
		77C8E52829D3B3C100AE36B5 /* Build configuration list for PBXNativeTarget "ProjectProtocolZero" */ = {
			isa = XCConfigurationList;
			buildConfigurations = (
				77C8E52929D3B3C100AE36B5 /* Debug */,
				77C8E52A29D3B3C100AE36B5 /* Release */,
			);
			defaultConfigurationIsVisible = 0;
			defaultConfigurationName = Release;
		};
/* End XCConfigurationList section */
	};
	rootObject = 77C8E50C29D3B3BE00AE36B5 /* Project object */;
}
